
Microsoft Visual Studio Solution File, Format Version 12.00
# Visual Studio Version 17
VisualStudioVersion = 17.8.34525.116
MinimumVisualStudioVersion = 10.0.40219.1
Project("{FAE04EC0-301F-11D3-BF4B-00C04F79EFBC}") = "Nome_Aluno", "Nome_Aluno\Nome_Aluno.csproj", "{898E594D-342C-4A20-8256-E43033713506}"
EndProject
Global
	GlobalSection(SolutionConfigurationPlatforms) = preSolution
		Debug|Any CPU = Debug|Any CPU
		Release|Any CPU = Release|Any CPU
	EndGlobalSection
	GlobalSection(ProjectConfigurationPlatforms) = postSolution
		{898E594D-342C-4A20-8256-E43033713506}.Debug|Any CPU.ActiveCfg = Debug|Any CPU
		{898E594D-342C-4A20-8256-E43033713506}.Debug|Any CPU.Build.0 = Debug|Any CPU
		{898E594D-342C-4A20-8256-E43033713506}.Release|Any CPU.ActiveCfg = Release|Any CPU
		{898E594D-342C-4A20-8256-E43033713506}.Release|Any CPU.Build.0 = Release|Any CPU
	EndGlobalSection
	GlobalSection(SolutionProperties) = preSolution
		HideSolutionNode = FALSE
	EndGlobalSection
	GlobalSection(ExtensibilityGlobals) = postSolution
		SolutionGuid = {450454D5-FA57-4A8B-9321-30239FF33F11}
	EndGlobalSection
EndGlobal
